
Microsoft Visual Studio Solution File, Format Version 12.00
# Visual Studio 14
VisualStudioVersion = 14.0.25420.1
MinimumVisualStudioVersion = 10.0.40219.1
Project("{FAE04EC0-301F-11D3-BF4B-00C04F79EFBC}") = "DAL", "DAL\DAL.csproj", "{7BDA9044-25C2-4C33-B98D-CE2FD102CD76}"
EndProject
Project("{FAE04EC0-301F-11D3-BF4B-00C04F79EFBC}") = "BLL", "BLL\BLL.csproj", "{55D3E22B-6CA1-4F4B-9E6E-9DFB35213AB8}"
EndProject
Project("{FAE04EC0-301F-11D3-BF4B-00C04F79EFBC}") = "Model", "Model\Model.csproj", "{75FF4ECD-4CF3-47EB-8F89-CEA8AF37B7A7}"
EndProject
Project("{FAE04EC0-301F-11D3-BF4B-00C04F79EFBC}") = "DBUtility", "..\..\前端\个人项目-周俊辉\个人项目-App\通讯录\DBUtility\DBUtility.csproj", "{B94ADA84-C1FF-4B8B-9EF7-6CB00B942DD2}"
EndProject
Project("{E24C65DC-7377-472B-9ABA-BC803B73C61A}") = "Web", "Web\", "{E326FC98-44F8-4CB3-810A-856E105DB8B7}"
	ProjectSection(WebsiteProperties) = preProject
		TargetFrameworkMoniker = ".NETFramework,Version%3Dv4.5.2"
		ProjectReferences = "{55d3e22b-6ca1-4f4b-9e6e-9dfb35213ab8}|BLL.dll;{7BDA9044-25C2-4C33-B98D-CE2FD102CD76}|DAL.dll;{B94ADA84-C1FF-4B8B-9EF7-6CB00B942DD2}|DBUtility.dll;{75FF4ECD-4CF3-47EB-8F89-CEA8AF37B7A7}|Model.dll;"
		Debug.AspNetCompiler.VirtualPath = "/localhost_49711"
		Debug.AspNetCompiler.PhysicalPath = "Web\"
		Debug.AspNetCompiler.TargetPath = "PrecompiledWeb\localhost_49711\"
		Debug.AspNetCompiler.Updateable = "true"
		Debug.AspNetCompiler.ForceOverwrite = "true"
		Debug.AspNetCompiler.FixedNames = "false"
		Debug.AspNetCompiler.Debug = "True"
		Release.AspNetCompiler.VirtualPath = "/localhost_49711"
		Release.AspNetCompiler.PhysicalPath = "Web\"
		Release.AspNetCompiler.TargetPath = "PrecompiledWeb\localhost_49711\"
		Release.AspNetCompiler.Updateable = "true"
		Release.AspNetCompiler.ForceOverwrite = "true"
		Release.AspNetCompiler.FixedNames = "false"
		Release.AspNetCompiler.Debug = "False"
		VWDPort = "49711"
		SlnRelativePath = "Web\"
		DefaultWebSiteLanguage = "Visual C#"
	EndProjectSection
EndProject
Global
	GlobalSection(SolutionConfigurationPlatforms) = preSolution
		Debug|Any CPU = Debug|Any CPU
		Release|Any CPU = Release|Any CPU
	EndGlobalSection
	GlobalSection(ProjectConfigurationPlatforms) = postSolution
		{7BDA9044-25C2-4C33-B98D-CE2FD102CD76}.Debug|Any CPU.ActiveCfg = Debug|Any CPU
		{7BDA9044-25C2-4C33-B98D-CE2FD102CD76}.Debug|Any CPU.Build.0 = Debug|Any CPU
		{7BDA9044-25C2-4C33-B98D-CE2FD102CD76}.Release|Any CPU.ActiveCfg = Release|Any CPU
		{7BDA9044-25C2-4C33-B98D-CE2FD102CD76}.Release|Any CPU.Build.0 = Release|Any CPU
		{55D3E22B-6CA1-4F4B-9E6E-9DFB35213AB8}.Debug|Any CPU.ActiveCfg = Debug|Any CPU
		{55D3E22B-6CA1-4F4B-9E6E-9DFB35213AB8}.Debug|Any CPU.Build.0 = Debug|Any CPU
		{55D3E22B-6CA1-4F4B-9E6E-9DFB35213AB8}.Release|Any CPU.ActiveCfg = Release|Any CPU
		{55D3E22B-6CA1-4F4B-9E6E-9DFB35213AB8}.Release|Any CPU.Build.0 = Release|Any CPU
		{75FF4ECD-4CF3-47EB-8F89-CEA8AF37B7A7}.Debug|Any CPU.ActiveCfg = Debug|Any CPU
		{75FF4ECD-4CF3-47EB-8F89-CEA8AF37B7A7}.Debug|Any CPU.Build.0 = Debug|Any CPU
		{75FF4ECD-4CF3-47EB-8F89-CEA8AF37B7A7}.Release|Any CPU.ActiveCfg = Release|Any CPU
		{75FF4ECD-4CF3-47EB-8F89-CEA8AF37B7A7}.Release|Any CPU.Build.0 = Release|Any CPU
		{B94ADA84-C1FF-4B8B-9EF7-6CB00B942DD2}.Debug|Any CPU.ActiveCfg = Debug|Any CPU
		{B94ADA84-C1FF-4B8B-9EF7-6CB00B942DD2}.Debug|Any CPU.Build.0 = Debug|Any CPU
		{B94ADA84-C1FF-4B8B-9EF7-6CB00B942DD2}.Release|Any CPU.ActiveCfg = Release|Any CPU
		{B94ADA84-C1FF-4B8B-9EF7-6CB00B942DD2}.Release|Any CPU.Build.0 = Release|Any CPU
		{E326FC98-44F8-4CB3-810A-856E105DB8B7}.Debug|Any CPU.ActiveCfg = Debug|Any CPU
		{E326FC98-44F8-4CB3-810A-856E105DB8B7}.Debug|Any CPU.Build.0 = Debug|Any CPU
		{E326FC98-44F8-4CB3-810A-856E105DB8B7}.Release|Any CPU.ActiveCfg = Debug|Any CPU
		{E326FC98-44F8-4CB3-810A-856E105DB8B7}.Release|Any CPU.Build.0 = Debug|Any CPU
	EndGlobalSection
	GlobalSection(SolutionProperties) = preSolution
		HideSolutionNode = FALSE
	EndGlobalSection
EndGlobal
